
Microsoft Visual Studio Solution File, Format Version 12.00
# Visual Studio Version 17
VisualStudioVersion = 17.5.33530.505
MinimumVisualStudioVersion = 10.0.40219.1
Project("{FAE04EC0-301F-11D3-BF4B-00C04F79EFBC}") = "SalesWebMvc", "SalesWebMvc\SalesWebMvc.csproj", "{FCD5DE37-94D5-4FD2-877D-FB8B172C2039}"
EndProject
Global
	GlobalSection(SolutionConfigurationPlatforms) = preSolution
		Debug|Any CPU = Debug|Any CPU
		Release|Any CPU = Release|Any CPU
	EndGlobalSection
	GlobalSection(ProjectConfigurationPlatforms) = postSolution
		{FCD5DE37-94D5-4FD2-877D-FB8B172C2039}.Debug|Any CPU.ActiveCfg = Debug|Any CPU
		{FCD5DE37-94D5-4FD2-877D-FB8B172C2039}.Debug|Any CPU.Build.0 = Debug|Any CPU
		{FCD5DE37-94D5-4FD2-877D-FB8B172C2039}.Release|Any CPU.ActiveCfg = Release|Any CPU
		{FCD5DE37-94D5-4FD2-877D-FB8B172C2039}.Release|Any CPU.Build.0 = Release|Any CPU
	EndGlobalSection
	GlobalSection(SolutionProperties) = preSolution
		HideSolutionNode = FALSE
	EndGlobalSection
	GlobalSection(ExtensibilityGlobals) = postSolution
		SolutionGuid = {99C21BB1-4EC4-4BB5-978E-ED8D7E431D53}
	EndGlobalSection
EndGlobal
